# THIS IS AN AUTOGENERATED FILE. DO NOT EDIT THIS FILE DIRECTLY.
# yarn lockfile v1


aria-query@^0.3.0:
  version "0.3.0"
  resolved "https://registry.yarnpkg.com/aria-query/-/aria-query-0.3.0.tgz#cb8a9984e2862711c83c80ade5b8f5ca0de2b467"
  dependencies:
    ast-types-flow "0.0.7"

ast-types-flow@0.0.7:
  version "0.0.7"
  resolved "https://registry.yarnpkg.com/ast-types-flow/-/ast-types-flow-0.0.7.tgz#f70b735c6bca1a5c9c22d982c3e39e7feba3bdad"

damerau-levenshtein@^1.0.0:
  version "1.0.4"
  resolved "https://registry.yarnpkg.com/damerau-levenshtein/-/damerau-levenshtein-1.0.4.tgz#03191c432cb6eea168bb77f3a55ffdccb8978514"

emoji-regex@^6.1.0:
  version "6.4.2"
  resolved "https://registry.yarnpkg.com/emoji-regex/-/emoji-regex-6.4.2.tgz#a30b6fee353d406d96cfb9fa765bdc82897eff6e"

eslint-plugin-jsx-a11y@^4.0.0:
  version "4.0.0"
  resolved "https://registry.yarnpkg.com/eslint-plugin-jsx-a11y/-/eslint-plugin-jsx-a11y-4.0.0.tgz#779bb0fe7b08da564a422624911de10061e048ee"
  dependencies:
    aria-query "^0.3.0"
    ast-types-flow "0.0.7"
    damerau-levenshtein "^1.0.0"
    emoji-regex "^6.1.0"
    jsx-ast-utils "^1.0.0"
    object-assign "^4.0.1"

jsx-ast-utils@^1.0.0:
  version "1.4.0"
  resolved "https://registry.yarnpkg.com/jsx-ast-utils/-/jsx-ast-utils-1.4.0.tgz#5afe38868f56bc8cc7aeaef0100ba8c75bd12591"
  dependencies:
    object-assign "^4.1.0"

object-assign@^4.0.1, object-assign@^4.1.0:
  version "4.1.1"
  resolved "https://registry.yarnpkg.com/object-assign/-/object-assign-4.1.1.tgz#2109adc7965887cfc05cbbd442cac8bfbb360863"
